// !$*UTF8*$!
{
	archiveVersion = 1;
	classes = {
	};
	objectVersion = 46;
	objects = {

/* Begin PBXBuildFile section */
		11568FD71A96DF5C002C4864 /* AppDelegate.swift in Sources */ = {isa = PBXBuildFile; fileRef = 11568FD61A96DF5C002C4864 /* AppDelegate.swift */; };
		11568FD91A96DF5C002C4864 /* ViewController.swift in Sources */ = {isa = PBXBuildFile; fileRef = 11568FD81A96DF5C002C4864 /* ViewController.swift */; };
		11568FDC1A96DF5C002C4864 /* Main.storyboard in Resources */ = {isa = PBXBuildFile; fileRef = 11568FDA1A96DF5C002C4864 /* Main.storyboard */; };
		11568FDE1A96DF5C002C4864 /* Images.xcassets in Resources */ = {isa = PBXBuildFile; fileRef = 11568FDD1A96DF5C002C4864 /* Images.xcassets */; };
		11568FE11A96DF5C002C4864 /* LaunchScreen.xib in Resources */ = {isa = PBXBuildFile; fileRef = 11568FDF1A96DF5C002C4864 /* LaunchScreen.xib */; };
		11568FED1A96DF5C002C4864 /* TwitterExerciseTests.swift in Sources */ = {isa = PBXBuildFile; fileRef = 11568FEC1A96DF5C002C4864 /* TwitterExerciseTests.swift */; };
/* End PBXBuildFile section */

/* Begin PBXContainerItemProxy section */
		11568FE71A96DF5C002C4864 /* PBXContainerItemProxy */ = {
			isa = PBXContainerItemProxy;
			containerPortal = 11568FC91A96DF5C002C4864 /* Project object */;
			proxyType = 1;
			remoteGlobalIDString = 11568FD01A96DF5C002C4864;
			remoteInfo = TwitterExercise;
		};
/* End PBXContainerItemProxy section */

/* Begin PBXFileReference section */
		11568FD11A96DF5C002C4864 /* TwitterExercise.app */ = {isa = PBXFileReference; explicitFileType = wrapper.application; includeInIndex = 0; path = TwitterExercise.app; sourceTree = BUILT_PRODUCTS_DIR; };
		11568FD51A96DF5C002C4864 /* Info.plist */ = {isa = PBXFileReference; lastKnownFileType = text.plist.xml; path = Info.plist; sourceTree = "<group>"; };
		11568FD61A96DF5C002C4864 /* AppDelegate.swift */ = {isa = PBXFileReference; lastKnownFileType = sourcecode.swift; path = AppDelegate.swift; sourceTree = "<group>"; };
		11568FD81A96DF5C002C4864 /* ViewController.swift */ = {isa = PBXFileReference; lastKnownFileType = sourcecode.swift; path = ViewController.swift; sourceTree = "<group>"; };
		11568FDB1A96DF5C002C4864 /* Base */ = {isa = PBXFileReference; lastKnownFileType = file.storyboard; name = Base; path = Base.lproj/Main.storyboard; sourceTree = "<group>"; };
		11568FDD1A96DF5C002C4864 /* Images.xcassets */ = {isa = PBXFileReference; lastKnownFileType = folder.assetcatalog; path = Images.xcassets; sourceTree = "<group>"; };
		11568FE01A96DF5C002C4864 /* Base */ = {isa = PBXFileReference; lastKnownFileType = file.xib; name = Base; path = Base.lproj/LaunchScreen.xib; sourceTree = "<group>"; };
		11568FE61A96DF5C002C4864 /* TwitterExerciseTests.xctest */ = {isa = PBXFileReference; explicitFileType = wrapper.cfbundle; includeInIndex = 0; path = TwitterExerciseTests.xctest; sourceTree = BUILT_PRODUCTS_DIR; };
		11568FEB1A96DF5C002C4864 /* Info.plist */ = {isa = PBXFileReference; lastKnownFileType = text.plist.xml; path = Info.plist; sourceTree = "<group>"; };
		11568FEC1A96DF5C002C4864 /* TwitterExerciseTests.swift */ = {isa = PBXFileReference; lastKnownFileType = sourcecode.swift; path = TwitterExerciseTests.swift; sourceTree = "<group>"; };
/* End PBXFileReference section */

/* Begin PBXFrameworksBuildPhase section */
		11568FCE1A96DF5C002C4864 /* Frameworks */ = {
			isa = PBXFrameworksBuildPhase;
			buildActionMask = 2147483647;
			files = (
			);
			runOnlyForDeploymentPostprocessing = 0;
		};
		11568FE31A96DF5C002C4864 /* Frameworks */ = {
			isa = PBXFrameworksBuildPhase;
			buildActionMask = 2147483647;
			files = (
			);
			runOnlyForDeploymentPostprocessing = 0;
		};
/* End PBXFrameworksBuildPhase section */

/* Begin PBXGroup section */
		11568FC81A96DF5C002C4864 = {
			isa = PBXGroup;
			children = (
				11568FD31A96DF5C002C4864 /* TwitterExercise */,
				11568FE91A96DF5C002C4864 /* TwitterExerciseTests */,
				11568FD21A96DF5C002C4864 /* Products */,
			);
			sourceTree = "<group>";
		};
		11568FD21A96DF5C002C4864 /* Products */ = {
			isa = PBXGroup;
			children = (
				11568FD11A96DF5C002C4864 /* TwitterExercise.app */,
				11568FE61A96DF5C002C4864 /* TwitterExerciseTests.xctest */,
			);
			name = Products;
			sourceTree = "<group>";
		};
		11568FD31A96DF5C002C4864 /* TwitterExercise */ = {
			isa = PBXGroup;
			children = (
				11568FD61A96DF5C002C4864 /* AppDelegate.swift */,
				11568FD81A96DF5C002C4864 /* ViewController.swift */,
				11568FDA1A96DF5C002C4864 /* Main.storyboard */,
				11568FDD1A96DF5C002C4864 /* Images.xcassets */,
				11568FDF1A96DF5C002C4864 /* LaunchScreen.xib */,
				11568FD41A96DF5C002C4864 /* Supporting Files */,
			);
			path = TwitterExercise;
			sourceTree = "<group>";
		};
		11568FD41A96DF5C002C4864 /* Supporting Files */ = {
			isa = PBXGroup;
			children = (
				11568FD51A96DF5C002C4864 /* Info.plist */,
			);
			name = "Supporting Files";
			sourceTree = "<group>";
		};
		11568FE91A96DF5C002C4864 /* TwitterExerciseTests */ = {
			isa = PBXGroup;
			children = (
				11568FEC1A96DF5C002C4864 /* TwitterExerciseTests.swift */,
				11568FEA1A96DF5C002C4864 /* Supporting Files */,
			);
			path = TwitterExerciseTests;
			sourceTree = "<group>";
		};
		11568FEA1A96DF5C002C4864 /* Supporting Files */ = {
			isa = PBXGroup;
			children = (
				11568FEB1A96DF5C002C4864 /* Info.plist */,
			);
			name = "Supporting Files";
			sourceTree = "<group>";
		};
/* End PBXGroup section */

/* Begin PBXNativeTarget section */
		11568FD01A96DF5C002C4864 /* TwitterExercise */ = {
			isa = PBXNativeTarget;
			buildConfigurationList = 11568FF01A96DF5C002C4864 /* Build configuration list for PBXNativeTarget "TwitterExercise" */;
			buildPhases = (
				11568FCD1A96DF5C002C4864 /* Sources */,
				11568FCE1A96DF5C002C4864 /* Frameworks */,
				11568FCF1A96DF5C002C4864 /* Resources */,
			);
			buildRules = (
			);
			dependencies = (
			);
			name = TwitterExercise;
			productName = TwitterExercise;
			productReference = 11568FD11A96DF5C002C4864 /* TwitterExercise.app */;
			productType = "com.apple.product-type.application";
		};
		11568FE51A96DF5C002C4864 /* TwitterExerciseTests */ = {
			isa = PBXNativeTarget;
			buildConfigurationList = 11568FF31A96DF5C002C4864 /* Build configuration list for PBXNativeTarget "TwitterExerciseTests" */;
			buildPhases = (
				11568FE21A96DF5C002C4864 /* Sources */,
				11568FE31A96DF5C002C4864 /* Frameworks */,
				11568FE41A96DF5C002C4864 /* Resources */,
			);
			buildRules = (
			);
			dependencies = (
				11568FE81A96DF5C002C4864 /* PBXTargetDependency */,
			);
			name = TwitterExerciseTests;
			productName = TwitterExerciseTests;
			productReference = 11568FE61A96DF5C002C4864 /* TwitterExerciseTests.xctest */;
			productType = "com.apple.product-type.bundle.unit-test";
		};
/* End PBXNativeTarget section */

/* Begin PBXProject section */
		11568FC91A96DF5C002C4864 /* Project object */ = {
			isa = PBXProject;
			attributes = {
				LastUpgradeCheck = 0610;
				ORGANIZATIONNAME = zd;
				TargetAttributes = {
					11568FD01A96DF5C002C4864 = {
						CreatedOnToolsVersion = 6.1.1;
					};
					11568FE51A96DF5C002C4864 = {
						CreatedOnToolsVersion = 6.1.1;
						TestTargetID = 11568FD01A96DF5C002C4864;
					};
				};
			};
			buildConfigurationList = 11568FCC1A96DF5C002C4864 /* Build configuration list for PBXProject "TwitterExercise" */;
			compatibilityVersion = "Xcode 3.2";
			developmentRegion = English;
			hasScannedForEncodings = 0;
			knownRegions = (
				en,
				Base,
			);
			mainGroup = 11568FC81A96DF5C002C4864;
			productRefGroup = 11568FD21A96DF5C002C4864 /* Products */;
			projectDirPath = "";
			projectRoot = "";
			targets = (
				11568FD01A96DF5C002C4864 /* TwitterExercise */,
				11568FE51A96DF5C002C4864 /* TwitterExerciseTests */,
			);
		};
/* End PBXProject section */

/* Begin PBXResourcesBuildPhase section */
		11568FCF1A96DF5C002C4864 /* Resources */ = {
			isa = PBXResourcesBuildPhase;
			buildActionMask = 2147483647;
			files = (
				11568FDC1A96DF5C002C4864 /* Main.storyboard in Resources */,
				11568FE11A96DF5C002C4864 /* LaunchScreen.xib in Resources */,
				11568FDE1A96DF5C002C4864 /* Images.xcassets in Resources */,
			);
			runOnlyForDeploymentPostprocessing = 0;
		};
		11568FE41A96DF5C002C4864 /* Resources */ = {
			isa = PBXResourcesBuildPhase;
			buildActionMask = 2147483647;
			files = (
			);
			runOnlyForDeploymentPostprocessing = 0;
		};
/* End PBXResourcesBuildPhase section */

/* Begin PBXSourcesBuildPhase section */
		11568FCD1A96DF5C002C4864 /* Sources */ = {
			isa = PBXSourcesBuildPhase;
			buildActionMask = 2147483647;
			files = (
				11568FD91A96DF5C002C4864 /* ViewController.swift in Sources */,
				11568FD71A96DF5C002C4864 /* AppDelegate.swift in Sources */,
			);
			runOnlyForDeploymentPostprocessing = 0;
		};
		11568FE21A96DF5C002C4864 /* Sources */ = {
			isa = PBXSourcesBuildPhase;
			buildActionMask = 2147483647;
			files = (
				11568FED1A96DF5C002C4864 /* TwitterExerciseTests.swift in Sources */,
			);
			runOnlyForDeploymentPostprocessing = 0;
		};
/* End PBXSourcesBuildPhase section */

/* Begin PBXTargetDependency section */
		11568FE81A96DF5C002C4864 /* PBXTargetDependency */ = {
			isa = PBXTargetDependency;
			target = 11568FD01A96DF5C002C4864 /* TwitterExercise */;
			targetProxy = 11568FE71A96DF5C002C4864 /* PBXContainerItemProxy */;
		};
/* End PBXTargetDependency section */

/* Begin PBXVariantGroup section */
		11568FDA1A96DF5C002C4864 /* Main.storyboard */ = {
			isa = PBXVariantGroup;
			children = (
				11568FDB1A96DF5C002C4864 /* Base */,
			);
			name = Main.storyboard;
			sourceTree = "<group>";
		};
		11568FDF1A96DF5C002C4864 /* LaunchScreen.xib */ = {
			isa = PBXVariantGroup;
			children = (
				11568FE01A96DF5C002C4864 /* Base */,
			);
			name = LaunchScreen.xib;
			sourceTree = "<group>";
		};
/* End PBXVariantGroup section */

/* Begin XCBuildConfiguration section */
		11568FEE1A96DF5C002C4864 /* Debug */ = {
			isa = XCBuildConfiguration;
			buildSettings = {
				ALWAYS_SEARCH_USER_PATHS = NO;
				CLANG_CXX_LANGUAGE_STANDARD = "gnu++0x";
				CLANG_CXX_LIBRARY = "libc++";
				CLANG_ENABLE_MODULES = YES;
				CLANG_ENABLE_OBJC_ARC = YES;
				CLANG_WARN_BOOL_CONVERSION = YES;
				CLANG_WARN_CONSTANT_CONVERSION = YES;
				CLANG_WARN_DIRECT_OBJC_ISA_USAGE = YES_ERROR;
				CLANG_WARN_EMPTY_BODY = YES;
				CLANG_WARN_ENUM_CONVERSION = YES;
				CLANG_WARN_INT_CONVERSION = YES;
				CLANG_WARN_OBJC_ROOT_CLASS = YES_ERROR;
				CLANG_WARN_UNREACHABLE_CODE = YES;
				CLANG_WARN__DUPLICATE_METHOD_MATCH = YES;
				"CODE_SIGN_IDENTITY[sdk=iphoneos*]" = "iPhone Developer";
				COPY_PHASE_STRIP = NO;
				ENABLE_STRICT_OBJC_MSGSEND = YES;
				GCC_C_LANGUAGE_STANDARD = gnu99;
				GCC_DYNAMIC_NO_PIC = NO;
				GCC_OPTIMIZATION_LEVEL = 0;
				GCC_PREPROCESSOR_DEFINITIONS = (
					"DEBUG=1",
					"$(inherited)",
				);
				GCC_SYMBOLS_PRIVATE_EXTERN = NO;
				GCC_WARN_64_TO_32_BIT_CONVERSION = YES;
				GCC_WARN_ABOUT_RETURN_TYPE = YES_ERROR;
				GCC_WARN_UNDECLARED_SELECTOR = YES;
				GCC_WARN_UNINITIALIZED_AUTOS = YES_AGGRESSIVE;
				GCC_WARN_UNUSED_FUNCTION = YES;
				GCC_WARN_UNUSED_VARIABLE = YES;
				IPHONEOS_DEPLOYMENT_TARGET = 8.1;
				MTL_ENABLE_DEBUG_INFO = YES;
				ONLY_ACTIVE_ARCH = YES;
				SDKROOT = iphoneos;
				SWIFT_OPTIMIZATION_LEVEL = "-Onone";
			};
			name = Debug;
		};
		11568FEF1A96DF5C002C4864 /* Release */ = {
			isa = XCBuildConfiguration;
			buildSettings = {
				ALWAYS_SEARCH_USER_PATHS = NO;
				CLANG_CXX_LANGUAGE_STANDARD = "gnu++0x";
				CLANG_CXX_LIBRARY = "libc++";
				CLANG_ENABLE_MODULES = YES;
				CLANG_ENABLE_OBJC_ARC = YES;
				CLANG_WARN_BOOL_CONVERSION = YES;
				CLANG_WARN_CONSTANT_CONVERSION = YES;
				CLANG_WARN_DIRECT_OBJC_ISA_USAGE = YES_ERROR;
				CLANG_WARN_EMPTY_BODY = YES;
				CLANG_WARN_ENUM_CONVERSION = YES;
				CLANG_WARN_INT_CONVERSION = YES;
				CLANG_WARN_OBJC_ROOT_CLASS = YES_ERROR;
				CLANG_WARN_UNREACHABLE_CODE = YES;
				CLANG_WARN__DUPLICATE_METHOD_MATCH = YES;
				"CODE_SIGN_IDENTITY[sdk=iphoneos*]" = "iPhone Developer";
				COPY_PHASE_STRIP = YES;
				ENABLE_NS_ASSERTIONS = NO;
				ENABLE_STRICT_OBJC_MSGSEND = YES;
				GCC_C_LANGUAGE_STANDARD = gnu99;
				GCC_WARN_64_TO_32_BIT_CONVERSION = YES;
				GCC_WARN_ABOUT_RETURN_TYPE = YES_ERROR;
				GCC_WARN_UNDECLARED_SELECTOR = YES;
				GCC_WARN_UNINITIALIZED_AUTOS = YES_AGGRESSIVE;
				GCC_WARN_UNUSED_FUNCTION = YES;
				GCC_WARN_UNUSED_VARIABLE = YES;
				IPHONEOS_DEPLOYMENT_TARGET = 8.1;
				MTL_ENABLE_DEBUG_INFO = NO;
				SDKROOT = iphoneos;
				VALIDATE_PRODUCT = YES;
			};
			name = Release;
		};
		11568FF11A96DF5C002C4864 /* Debug */ = {
			isa = XCBuildConfiguration;
			buildSettings = {
				ASSETCATALOG_COMPILER_APPICON_NAME = AppIcon;
				INFOPLIST_FILE = TwitterExercise/Info.plist;
				LD_RUNPATH_SEARCH_PATHS = "$(inherited) @executable_path/Frameworks";
				PRODUCT_NAME = "$(TARGET_NAME)";
			};
			name = Debug;
		};
		11568FF21A96DF5C002C4864 /* Release */ = {
			isa = XCBuildConfiguration;
			buildSettings = {
				ASSETCATALOG_COMPILER_APPICON_NAME = AppIcon;
				INFOPLIST_FILE = TwitterExercise/Info.plist;
				LD_RUNPATH_SEARCH_PATHS = "$(inherited) @executable_path/Frameworks";
				PRODUCT_NAME = "$(TARGET_NAME)";
			};
			name = Release;
		};
		11568FF41A96DF5C002C4864 /* Debug */ = {
			isa = XCBuildConfiguration;
			buildSettings = {
				BUNDLE_LOADER = "$(TEST_HOST)";
				FRAMEWORK_SEARCH_PATHS = (
					"$(SDKROOT)/Developer/Library/Frameworks",
					"$(inherited)",
				);
				GCC_PREPROCESSOR_DEFINITIONS = (
					"DEBUG=1",
					"$(inherited)",
				);
				INFOPLIST_FILE = TwitterExerciseTests/Info.plist;
				LD_RUNPATH_SEARCH_PATHS = "$(inherited) @executable_path/Frameworks @loader_path/Frameworks";
				PRODUCT_NAME = "$(TARGET_NAME)";
				TEST_HOST = "$(BUILT_PRODUCTS_DIR)/TwitterExercise.app/TwitterExercise";
			};
			name = Debug;
		};
		11568FF51A96DF5C002C4864 /* Release */ = {
			isa = XCBuildConfiguration;
			buildSettings = {
				BUNDLE_LOADER = "$(TEST_HOST)";
				FRAMEWORK_SEARCH_PATHS = (
					"$(SDKROOT)/Developer/Library/Frameworks",
					"$(inherited)",
				);
				INFOPLIST_FILE = TwitterExerciseTests/Info.plist;
				LD_RUNPATH_SEARCH_PATHS = "$(inherited) @executable_path/Frameworks @loader_path/Frameworks";
				PRODUCT_NAME = "$(TARGET_NAME)";
				TEST_HOST = "$(BUILT_PRODUCTS_DIR)/TwitterExercise.app/TwitterExercise";
			};
			name = Release;
		};
/* End XCBuildConfiguration section */

/* Begin XCConfigurationList section */
		11568FCC1A96DF5C002C4864 /* Build configuration list for PBXProject "TwitterExercise" */ = {
			isa = XCConfigurationList;
			buildConfigurations = (
				11568FEE1A96DF5C002C4864 /* Debug */,
				11568FEF1A96DF5C002C4864 /* Release */,
			);
			defaultConfigurationIsVisible = 0;
			defaultConfigurationName = Release;
		};
		11568FF01A96DF5C002C4864 /* Build configuration list for PBXNativeTarget "TwitterExercise" */ = {
			isa = XCConfigurationList;
			buildConfigurations = (
				11568FF11A96DF5C002C4864 /* Debug */,
				11568FF21A96DF5C002C4864 /* Release */,
			);
			defaultConfigurationIsVisible = 0;
		};
		11568FF31A96DF5C002C4864 /* Build configuration list for PBXNativeTarget "TwitterExerciseTests" */ = {
			isa = XCConfigurationList;
			buildConfigurations = (
				11568FF41A96DF5C002C4864 /* Debug */,
				11568FF51A96DF5C002C4864 /* Release */,
			);
			defaultConfigurationIsVisible = 0;
		};
/* End XCConfigurationList section */
	};
	rootObject = 11568FC91A96DF5C002C4864 /* Project object */;
}
